// !$*UTF8*$!
{
	archiveVersion = 1;
	classes = {
	};
	objectVersion = 46;
	objects = {

/* Begin PBXBuildFile section */
		25A4359675519ED36A2E586A /* Pods_fleaMarketTests.framework in Frameworks */ = {isa = PBXBuildFile; fileRef = D245B38F93926219D81AE2FA /* Pods_fleaMarketTests.framework */; };
		7A751C3B1CF9BDBA0096BDE6 /* AppDelegate.swift in Sources */ = {isa = PBXBuildFile; fileRef = 7A751C3A1CF9BDBA0096BDE6 /* AppDelegate.swift */; };
		7A751C3D1CF9BDBA0096BDE6 /* FirstViewController.swift in Sources */ = {isa = PBXBuildFile; fileRef = 7A751C3C1CF9BDBA0096BDE6 /* FirstViewController.swift */; };
		7A751C3F1CF9BDBA0096BDE6 /* SecondTabViewController.swift in Sources */ = {isa = PBXBuildFile; fileRef = 7A751C3E1CF9BDBA0096BDE6 /* SecondTabViewController.swift */; };
		7A751C421CF9BDBA0096BDE6 /* Main.storyboard in Resources */ = {isa = PBXBuildFile; fileRef = 7A751C401CF9BDBA0096BDE6 /* Main.storyboard */; };
		7A751C441CF9BDBA0096BDE6 /* Assets.xcassets in Resources */ = {isa = PBXBuildFile; fileRef = 7A751C431CF9BDBA0096BDE6 /* Assets.xcassets */; };
		7A751C471CF9BDBA0096BDE6 /* LaunchScreen.storyboard in Resources */ = {isa = PBXBuildFile; fileRef = 7A751C451CF9BDBA0096BDE6 /* LaunchScreen.storyboard */; };
		7A751C521CF9BDBA0096BDE6 /* TabStoryReferenceSampleTests.swift in Sources */ = {isa = PBXBuildFile; fileRef = 7A751C511CF9BDBA0096BDE6 /* TabStoryReferenceSampleTests.swift */; };
		7A751C5D1CF9BDBA0096BDE6 /* TabStoryReferenceSampleUITests.swift in Sources */ = {isa = PBXBuildFile; fileRef = 7A751C5C1CF9BDBA0096BDE6 /* TabStoryReferenceSampleUITests.swift */; };
		7A751C6C1CF9BE990096BDE6 /* FirstTab.storyboard in Resources */ = {isa = PBXBuildFile; fileRef = 7A751C6A1CF9BE990096BDE6 /* FirstTab.storyboard */; };
		7A751C6E1CF9BEAD0096BDE6 /* SecondTab.storyboard in Resources */ = {isa = PBXBuildFile; fileRef = 7A751C6D1CF9BEAD0096BDE6 /* SecondTab.storyboard */; };
		7A751C711CF9BEBC0096BDE6 /* 3rdTab.storyboard in Resources */ = {isa = PBXBuildFile; fileRef = 7A751C6F1CF9BEBC0096BDE6 /* 3rdTab.storyboard */; };
		7A751C731CF9BED00096BDE6 /* 4thTab.storyboard in Resources */ = {isa = PBXBuildFile; fileRef = 7A751C721CF9BED00096BDE6 /* 4thTab.storyboard */; };
		7A751C761CF9BEE20096BDE6 /* 5thTab.storyboard in Resources */ = {isa = PBXBuildFile; fileRef = 7A751C741CF9BEE20096BDE6 /* 5thTab.storyboard */; };
		C902734C1D0C1B6D00EC081D /* AddItemInfoTableViewController.swift in Sources */ = {isa = PBXBuildFile; fileRef = C902734B1D0C1B6D00EC081D /* AddItemInfoTableViewController.swift */; };
		C902734E1D0C1B7C00EC081D /* AddItemInfo.storyboard in Resources */ = {isa = PBXBuildFile; fileRef = C902734D1D0C1B7C00EC081D /* AddItemInfo.storyboard */; };
		C90EEA731D2D283800711C22 /* RegisteringViewController.swift in Sources */ = {isa = PBXBuildFile; fileRef = C90EEA721D2D283800711C22 /* RegisteringViewController.swift */; };
		C91A8EDF1D3D304E006A7698 /* AreaTable.swift in Sources */ = {isa = PBXBuildFile; fileRef = C91A8EDE1D3D304E006A7698 /* AreaTable.swift */; };
		C91A8EE11D3F3B63006A7698 /* CustomSegue.swift in Sources */ = {isa = PBXBuildFile; fileRef = C91A8EE01D3F3B63006A7698 /* CustomSegue.swift */; };
		C932F2D21D2D050600DA6540 /* Register.storyboard in Resources */ = {isa = PBXBuildFile; fileRef = C932F2D11D2D050600DA6540 /* Register.storyboard */; };
		C932F2D41D2D052800DA6540 /* RegisterViewController.swift in Sources */ = {isa = PBXBuildFile; fileRef = C932F2D31D2D052800DA6540 /* RegisterViewController.swift */; };
		C94EB5FE1D01858B0077EBC6 /* ThirdTabViewController.swift in Sources */ = {isa = PBXBuildFile; fileRef = C94EB5FD1D01858B0077EBC6 /* ThirdTabViewController.swift */; };
		C94EB6001D018DE00077EBC6 /* FifthTabViewController.swift in Sources */ = {isa = PBXBuildFile; fileRef = C94EB5FF1D018DE00077EBC6 /* FifthTabViewController.swift */; };
		C94EB6021D01AC670077EBC6 /* FourthTabViewController.swift in Sources */ = {isa = PBXBuildFile; fileRef = C94EB6011D01AC670077EBC6 /* FourthTabViewController.swift */; };
		C94EB6041D02DF0C0077EBC6 /* Constants.swift in Sources */ = {isa = PBXBuildFile; fileRef = C94EB6031D02DF0C0077EBC6 /* Constants.swift */; };
		C94EB6061D02E1F00077EBC6 /* functions.swift in Sources */ = {isa = PBXBuildFile; fileRef = C94EB6051D02E1F00077EBC6 /* functions.swift */; };
		C94EB6081D0302040077EBC6 /* GCDBlackBox.swift in Sources */ = {isa = PBXBuildFile; fileRef = C94EB6071D0302040077EBC6 /* GCDBlackBox.swift */; };
		C96C12321D37839C006641F2 /* MeasurementHelper.swift in Sources */ = {isa = PBXBuildFile; fileRef = C96C12311D37839C006641F2 /* MeasurementHelper.swift */; };
		C96C12331D37839C006641F2 /* MeasurementHelper.swift in Sources */ = {isa = PBXBuildFile; fileRef = C96C12311D37839C006641F2 /* MeasurementHelper.swift */; };
		C96C12341D37839C006641F2 /* MeasurementHelper.swift in Sources */ = {isa = PBXBuildFile; fileRef = C96C12311D37839C006641F2 /* MeasurementHelper.swift */; };
		C96C12361D379D21006641F2 /* Chat.swift in Sources */ = {isa = PBXBuildFile; fileRef = C96C12351D379D21006641F2 /* Chat.swift */; };
		C96C12371D379D21006641F2 /* Chat.swift in Sources */ = {isa = PBXBuildFile; fileRef = C96C12351D379D21006641F2 /* Chat.swift */; };
		C96C12381D379D21006641F2 /* Chat.swift in Sources */ = {isa = PBXBuildFile; fileRef = C96C12351D379D21006641F2 /* Chat.swift */; };
		C96C123A1D379D35006641F2 /* Chat.storyboard in Resources */ = {isa = PBXBuildFile; fileRef = C96C12391D379D35006641F2 /* Chat.storyboard */; };
		C96C123B1D379D35006641F2 /* Chat.storyboard in Resources */ = {isa = PBXBuildFile; fileRef = C96C12391D379D35006641F2 /* Chat.storyboard */; };
		C96C123C1D379D35006641F2 /* Chat.storyboard in Resources */ = {isa = PBXBuildFile; fileRef = C96C12391D379D35006641F2 /* Chat.storyboard */; };
		C96C123E1D37C4E0006641F2 /* GoogleService-Info.plist in Resources */ = {isa = PBXBuildFile; fileRef = C96C123D1D37C4E0006641F2 /* GoogleService-Info.plist */; };
		C96C12401D38C933006641F2 /* Storyboard.storyboard in Resources */ = {isa = PBXBuildFile; fileRef = C96C123F1D38C933006641F2 /* Storyboard.storyboard */; };
		C96C12421D3A41CE006641F2 /* SelectAddress.storyboard in Resources */ = {isa = PBXBuildFile; fileRef = C96C12411D3A41CE006641F2 /* SelectAddress.storyboard */; };
		C96C12441D3A41E6006641F2 /* SelectAddressTableViewController.swift in Sources */ = {isa = PBXBuildFile; fileRef = C96C12431D3A41E6006641F2 /* SelectAddressTableViewController.swift */; };
		C96C12481D3B5E1C006641F2 /* ItemDetailStatusCell.swift in Sources */ = {isa = PBXBuildFile; fileRef = C96C12471D3B5E1C006641F2 /* ItemDetailStatusCell.swift */; };
		C974EE1F1D06E3A4001002BE /* S01_Address.storyboard in Resources */ = {isa = PBXBuildFile; fileRef = C974EE1E1D06E3A4001002BE /* S01_Address.storyboard */; };
		C974EE231D06ECF1001002BE /* S02_Account.storyboard in Resources */ = {isa = PBXBuildFile; fileRef = C974EE221D06ECF1001002BE /* S02_Account.storyboard */; };
		C974EE281D06ED60001002BE /* S01_AddressTableViewController.swift in Sources */ = {isa = PBXBuildFile; fileRef = C974EE271D06ED60001002BE /* S01_AddressTableViewController.swift */; };
		C974EE2A1D06EDB1001002BE /* S02_AccountTableViewController.swift in Sources */ = {isa = PBXBuildFile; fileRef = C974EE291D06EDB1001002BE /* S02_AccountTableViewController.swift */; };
		C974EE2C1D06EE0C001002BE /* S03_SettingsTableViewController.swift in Sources */ = {isa = PBXBuildFile; fileRef = C974EE2B1D06EE0C001002BE /* S03_SettingsTableViewController.swift */; };
		C974EE2E1D06EE22001002BE /* S03_Settings.storyboard in Resources */ = {isa = PBXBuildFile; fileRef = C974EE2D1D06EE22001002BE /* S03_Settings.storyboard */; };
		C974EE3A1D06EF37001002BE /* S04_Favorites.storyboard in Resources */ = {isa = PBXBuildFile; fileRef = C974EE391D06EF37001002BE /* S04_Favorites.storyboard */; };
		C974EE3C1D06EF66001002BE /* S04_FavoritesCollectionViewController.swift in Sources */ = {isa = PBXBuildFile; fileRef = C974EE3B1D06EF66001002BE /* S04_FavoritesCollectionViewController.swift */; };
		C974EE3E1D06EF9E001002BE /* S05_MySellViewController.swift in Sources */ = {isa = PBXBuildFile; fileRef = C974EE3D1D06EF9E001002BE /* S05_MySellViewController.swift */; };
		C974EE401D06EFB3001002BE /* S05_MySell.storyboard in Resources */ = {isa = PBXBuildFile; fileRef = C974EE3F1D06EFB3001002BE /* S05_MySell.storyboard */; };
		C974EE421D06EFE3001002BE /* S06_Records.storyboard in Resources */ = {isa = PBXBuildFile; fileRef = C974EE411D06EFE3001002BE /* S06_Records.storyboard */; };
		C974EE461D06F28C001002BE /* S06_RecordsCollectionViewController.swift in Sources */ = {isa = PBXBuildFile; fileRef = C974EE451D06F28C001002BE /* S06_RecordsCollectionViewController.swift */; };
		C974EE4E1D06F2EB001002BE /* S08_About.storyboard in Resources */ = {isa = PBXBuildFile; fileRef = C974EE4D1D06F2EB001002BE /* S08_About.storyboard */; };
		C974EE501D06F306001002BE /* S08_AboutViewController.swift in Sources */ = {isa = PBXBuildFile; fileRef = C974EE4F1D06F306001002BE /* S08_AboutViewController.swift */; };
		C974EE521D06F328001002BE /* S09_ContactSupportViewController.swift in Sources */ = {isa = PBXBuildFile; fileRef = C974EE511D06F328001002BE /* S09_ContactSupportViewController.swift */; };
		C974EE541D06F336001002BE /* S09_ContactSupport.storyboard in Resources */ = {isa = PBXBuildFile; fileRef = C974EE531D06F336001002BE /* S09_ContactSupport.storyboard */; };
		C974EE561D06F417001002BE /* S07_QnATableViewController.swift in Sources */ = {isa = PBXBuildFile; fileRef = C974EE551D06F417001002BE /* S07_QnATableViewController.swift */; };
		C974EE581D06F42B001002BE /* S07_QnA.storyboard in Resources */ = {isa = PBXBuildFile; fileRef = C974EE571D06F42B001002BE /* S07_QnA.storyboard */; };
		C98058781CFE8E8E00F8F629 /* itemDetail.storyboard in Resources */ = {isa = PBXBuildFile; fileRef = C98058771CFE8E8E00F8F629 /* itemDetail.storyboard */; };
		C980587A1CFE8ECA00F8F629 /* itemDetailViewController.swift in Sources */ = {isa = PBXBuildFile; fileRef = C98058791CFE8ECA00F8F629 /* itemDetailViewController.swift */; };
		C9AD975B1CFA7E2D00672234 /* CollectionViewCell.swift in Sources */ = {isa = PBXBuildFile; fileRef = C9AD975A1CFA7E2D00672234 /* CollectionViewCell.swift */; };
		C9AD975D1CFAA1E600672234 /* FirstTabViewController.swift in Sources */ = {isa = PBXBuildFile; fileRef = C9AD975C1CFAA1E600672234 /* FirstTabViewController.swift */; };
		C9E9E2D41D3BD89400FB0312 /* Dictionaries.swift in Sources */ = {isa = PBXBuildFile; fileRef = C9E9E2D31D3BD89400FB0312 /* Dictionaries.swift */; };
		C9E9E2D61D3D26BE00FB0312 /* CityTable.swift in Sources */ = {isa = PBXBuildFile; fileRef = C9E9E2D51D3D26BE00FB0312 /* CityTable.swift */; };
		C9E9E2DA1D3D281F00FB0312 /* CityTable.storyboard in Resources */ = {isa = PBXBuildFile; fileRef = C9E9E2D91D3D281F00FB0312 /* CityTable.storyboard */; };
		C9E9E2DC1D3D282B00FB0312 /* AreaTable.storyboard in Resources */ = {isa = PBXBuildFile; fileRef = C9E9E2DB1D3D282B00FB0312 /* AreaTable.storyboard */; };
		C9E9E2DE1D3D2C9200FB0312 /* PostalDict.swift in Sources */ = {isa = PBXBuildFile; fileRef = C9E9E2DD1D3D2C9200FB0312 /* PostalDict.swift */; };
		C9FFA37C1D1429720057E439 /* CategoryTableViewController.swift in Sources */ = {isa = PBXBuildFile; fileRef = C9FFA37B1D1429720057E439 /* CategoryTableViewController.swift */; };
		C9FFA37E1D1429840057E439 /* ItemStatusTableViewController.swift in Sources */ = {isa = PBXBuildFile; fileRef = C9FFA37D1D1429840057E439 /* ItemStatusTableViewController.swift */; };
		C9FFA3801D1429F70057E439 /* DeliveryTableViewController.swift in Sources */ = {isa = PBXBuildFile; fileRef = C9FFA37F1D1429F70057E439 /* DeliveryTableViewController.swift */; };
		C9FFA3821D142A060057E439 /* Category.storyboard in Resources */ = {isa = PBXBuildFile; fileRef = C9FFA3811D142A060057E439 /* Category.storyboard */; };
		C9FFA3841D142A150057E439 /* ItemStatus.storyboard in Resources */ = {isa = PBXBuildFile; fileRef = C9FFA3831D142A150057E439 /* ItemStatus.storyboard */; };
		C9FFA3861D142A270057E439 /* Delivery.storyboard in Resources */ = {isa = PBXBuildFile; fileRef = C9FFA3851D142A270057E439 /* Delivery.storyboard */; };
		C9FFA3881D14D02F0057E439 /* FillInAddress.storyboard in Resources */ = {isa = PBXBuildFile; fileRef = C9FFA3871D14D02F0057E439 /* FillInAddress.storyboard */; };
		C9FFA38C1D14D14B0057E439 /* FillInAddressViewController.swift in Sources */ = {isa = PBXBuildFile; fileRef = C9FFA38B1D14D14B0057E439 /* FillInAddressViewController.swift */; };
		C9FFA38E1D181A700057E439 /* Search.storyboard in Resources */ = {isa = PBXBuildFile; fileRef = C9FFA38D1D181A700057E439 /* Search.storyboard */; };
		C9FFA3901D181A7F0057E439 /* SearchViewController.swift in Sources */ = {isa = PBXBuildFile; fileRef = C9FFA38F1D181A7F0057E439 /* SearchViewController.swift */; };
		C9FFA3921D1E99040057E439 /* UserDetailViewController.swift in Sources */ = {isa = PBXBuildFile; fileRef = C9FFA3911D1E99040057E439 /* UserDetailViewController.swift */; };
		C9FFA3941D1E99110057E439 /* UserDetail.storyboard in Resources */ = {isa = PBXBuildFile; fileRef = C9FFA3931D1E99110057E439 /* UserDetail.storyboard */; };
		C9FFA3961D2411A80057E439 /* LoginViewController.swift in Sources */ = {isa = PBXBuildFile; fileRef = C9FFA3951D2411A80057E439 /* LoginViewController.swift */; };
		C9FFA3981D241A090057E439 /* LoggingInViewController.swift in Sources */ = {isa = PBXBuildFile; fileRef = C9FFA3971D241A090057E439 /* LoggingInViewController.swift */; };
		D3441D0295CC9372FAB45374 /* Pods_fleaMarket.framework in Frameworks */ = {isa = PBXBuildFile; fileRef = 9DD127326FB0F46640F4071B /* Pods_fleaMarket.framework */; };
		E80FEE7440B3044A9AB3B915 /* Pods_fleaMarketUITests.framework in Frameworks */ = {isa = PBXBuildFile; fileRef = F61ECD458B73C9C01F788761 /* Pods_fleaMarketUITests.framework */; };
/* End PBXBuildFile section */

/* Begin PBXContainerItemProxy section */
		7A751C4E1CF9BDBA0096BDE6 /* PBXContainerItemProxy */ = {
			isa = PBXContainerItemProxy;
			containerPortal = 7A751C2F1CF9BDBA0096BDE6 /* Project object */;
			proxyType = 1;
			remoteGlobalIDString = 7A751C361CF9BDBA0096BDE6;
			remoteInfo = TabStoryReferenceSample;
		};
		7A751C591CF9BDBA0096BDE6 /* PBXContainerItemProxy */ = {
			isa = PBXContainerItemProxy;
			containerPortal = 7A751C2F1CF9BDBA0096BDE6 /* Project object */;
			proxyType = 1;
			remoteGlobalIDString = 7A751C361CF9BDBA0096BDE6;
			remoteInfo = TabStoryReferenceSample;
		};
/* End PBXContainerItemProxy section */

/* Begin PBXFileReference section */
		7A751C371CF9BDBA0096BDE6 /* RiRiKoKo.app */ = {isa = PBXFileReference; explicitFileType = wrapper.application; includeInIndex = 0; path = RiRiKoKo.app; sourceTree = BUILT_PRODUCTS_DIR; };
		7A751C3A1CF9BDBA0096BDE6 /* AppDelegate.swift */ = {isa = PBXFileReference; lastKnownFileType = sourcecode.swift; path = AppDelegate.swift; sourceTree = "<group>"; };
		7A751C3C1CF9BDBA0096BDE6 /* FirstViewController.swift */ = {isa = PBXFileReference; lastKnownFileType = sourcecode.swift; path = FirstViewController.swift; sourceTree = "<group>"; };
		7A751C3E1CF9BDBA0096BDE6 /* SecondTabViewController.swift */ = {isa = PBXFileReference; lastKnownFileType = sourcecode.swift; name = SecondTabViewController.swift; path = TabStoryReferenceSample/SecondTabViewController.swift; sourceTree = "<group>"; };
		7A751C411CF9BDBA0096BDE6 /* Base */ = {isa = PBXFileReference; lastKnownFileType = file.storyboard; name = Base; path = Base.lproj/Main.storyboard; sourceTree = "<group>"; };
		7A751C431CF9BDBA0096BDE6 /* Assets.xcassets */ = {isa = PBXFileReference; lastKnownFileType = folder.assetcatalog; path = Assets.xcassets; sourceTree = "<group>"; };
		7A751C461CF9BDBA0096BDE6 /* Base */ = {isa = PBXFileReference; lastKnownFileType = file.storyboard; name = Base; path = Base.lproj/LaunchScreen.storyboard; sourceTree = "<group>"; };
		7A751C481CF9BDBA0096BDE6 /* Info.plist */ = {isa = PBXFileReference; lastKnownFileType = text.plist.xml; path = Info.plist; sourceTree = "<group>"; };
		7A751C4D1CF9BDBA0096BDE6 /* fleaMarket.xctest */ = {isa = PBXFileReference; explicitFileType = wrapper.cfbundle; includeInIndex = 0; path = fleaMarket.xctest; sourceTree = BUILT_PRODUCTS_DIR; };
		7A751C511CF9BDBA0096BDE6 /* TabStoryReferenceSampleTests.swift */ = {isa = PBXFileReference; lastKnownFileType = sourcecode.swift; path = TabStoryReferenceSampleTests.swift; sourceTree = "<group>"; };
		7A751C531CF9BDBA0096BDE6 /* Info.plist */ = {isa = PBXFileReference; lastKnownFileType = text.plist.xml; path = Info.plist; sourceTree = "<group>"; };
		7A751C581CF9BDBA0096BDE6 /* fleaMarket.xctest */ = {isa = PBXFileReference; explicitFileType = wrapper.cfbundle; includeInIndex = 0; path = fleaMarket.xctest; sourceTree = BUILT_PRODUCTS_DIR; };
		7A751C5C1CF9BDBA0096BDE6 /* TabStoryReferenceSampleUITests.swift */ = {isa = PBXFileReference; lastKnownFileType = sourcecode.swift; path = TabStoryReferenceSampleUITests.swift; sourceTree = "<group>"; };
		7A751C5E1CF9BDBA0096BDE6 /* Info.plist */ = {isa = PBXFileReference; lastKnownFileType = text.plist.xml; path = Info.plist; sourceTree = "<group>"; };
		7A751C6B1CF9BE990096BDE6 /* Base */ = {isa = PBXFileReference; lastKnownFileType = file.storyboard; name = Base; path = Base.lproj/FirstTab.storyboard; sourceTree = "<group>"; };
		7A751C6D1CF9BEAD0096BDE6 /* SecondTab.storyboard */ = {isa = PBXFileReference; fileEncoding = 4; lastKnownFileType = file.storyboard; name = SecondTab.storyboard; path = TabStoryReferenceSample/SecondTab.storyboard; sourceTree = "<group>"; };
		7A751C701CF9BEBC0096BDE6 /* Base */ = {isa = PBXFileReference; lastKnownFileType = file.storyboard; name = Base; path = Base.lproj/3rdTab.storyboard; sourceTree = "<group>"; };
		7A751C721CF9BED00096BDE6 /* 4thTab.storyboard */ = {isa = PBXFileReference; fileEncoding = 4; lastKnownFileType = file.storyboard; path = 4thTab.storyboard; sourceTree = "<group>"; };
		7A751C751CF9BEE20096BDE6 /* Base */ = {isa = PBXFileReference; lastKnownFileType = file.storyboard; name = Base; path = Base.lproj/5thTab.storyboard; sourceTree = "<group>"; };
		80992F7ACAD09CDC5234D123 /* Pods-fleaMarket.debug.xcconfig */ = {isa = PBXFileReference; includeInIndex = 1; lastKnownFileType = text.xcconfig; name = "Pods-fleaMarket.debug.xcconfig"; path = "Pods/Target Support Files/Pods-fleaMarket/Pods-fleaMarket.debug.xcconfig"; sourceTree = "<group>"; };
		81607705C5A06B4CEE35EAE3 /* Pods-fleaMarketTests.debug.xcconfig */ = {isa = PBXFileReference; includeInIndex = 1; lastKnownFileType = text.xcconfig; name = "Pods-fleaMarketTests.debug.xcconfig"; path = "Pods/Target Support Files/Pods-fleaMarketTests/Pods-fleaMarketTests.debug.xcconfig"; sourceTree = "<group>"; };
		8AC683CC62EDD7D71DAA3783 /* Pods-fleaMarketUITests.debug.xcconfig */ = {isa = PBXFileReference; includeInIndex = 1; lastKnownFileType = text.xcconfig; name = "Pods-fleaMarketUITests.debug.xcconfig"; path = "Pods/Target Support Files/Pods-fleaMarketUITests/Pods-fleaMarketUITests.debug.xcconfig"; sourceTree = "<group>"; };
		9DD127326FB0F46640F4071B /* Pods_fleaMarket.framework */ = {isa = PBXFileReference; explicitFileType = wrapper.framework; includeInIndex = 0; path = Pods_fleaMarket.framework; sourceTree = BUILT_PRODUCTS_DIR; };
		C902734B1D0C1B6D00EC081D /* AddItemInfoTableViewController.swift */ = {isa = PBXFileReference; fileEncoding = 4; lastKnownFileType = sourcecode.swift; path = AddItemInfoTableViewController.swift; sourceTree = "<group>"; };
		C902734D1D0C1B7C00EC081D /* AddItemInfo.storyboard */ = {isa = PBXFileReference; fileEncoding = 4; lastKnownFileType = file.storyboard; path = AddItemInfo.storyboard; sourceTree = "<group>"; };
		C90EEA721D2D283800711C22 /* RegisteringViewController.swift */ = {isa = PBXFileReference; fileEncoding = 4; lastKnownFileType = sourcecode.swift; path = RegisteringViewController.swift; sourceTree = "<group>"; };
		C91A8EDE1D3D304E006A7698 /* AreaTable.swift */ = {isa = PBXFileReference; fileEncoding = 4; lastKnownFileType = sourcecode.swift; path = AreaTable.swift; sourceTree = "<group>"; };
		C91A8EE01D3F3B63006A7698 /* CustomSegue.swift */ = {isa = PBXFileReference; fileEncoding = 4; lastKnownFileType = sourcecode.swift; path = CustomSegue.swift; sourceTree = "<group>"; };
		C932F2D11D2D050600DA6540 /* Register.storyboard */ = {isa = PBXFileReference; fileEncoding = 4; lastKnownFileType = file.storyboard; path = Register.storyboard; sourceTree = "<group>"; };
		C932F2D31D2D052800DA6540 /* RegisterViewController.swift */ = {isa = PBXFileReference; fileEncoding = 4; lastKnownFileType = sourcecode.swift; path = RegisterViewController.swift; sourceTree = "<group>"; };
		C94EB5FD1D01858B0077EBC6 /* ThirdTabViewController.swift */ = {isa = PBXFileReference; fileEncoding = 4; lastKnownFileType = sourcecode.swift; path = ThirdTabViewController.swift; sourceTree = "<group>"; };
		C94EB5FF1D018DE00077EBC6 /* FifthTabViewController.swift */ = {isa = PBXFileReference; fileEncoding = 4; lastKnownFileType = sourcecode.swift; path = FifthTabViewController.swift; sourceTree = "<group>"; };
		C94EB6011D01AC670077EBC6 /* FourthTabViewController.swift */ = {isa = PBXFileReference; fileEncoding = 4; lastKnownFileType = sourcecode.swift; path = FourthTabViewController.swift; sourceTree = "<group>"; };
		C94EB6031D02DF0C0077EBC6 /* Constants.swift */ = {isa = PBXFileReference; fileEncoding = 4; lastKnownFileType = sourcecode.swift; path = Constants.swift; sourceTree = "<group>"; };
		C94EB6051D02E1F00077EBC6 /* functions.swift */ = {isa = PBXFileReference; fileEncoding = 4; lastKnownFileType = sourcecode.swift; path = functions.swift; sourceTree = "<group>"; };
		C94EB6071D0302040077EBC6 /* GCDBlackBox.swift */ = {isa = PBXFileReference; fileEncoding = 4; lastKnownFileType = sourcecode.swift; path = GCDBlackBox.swift; sourceTree = "<group>"; };
		C96C12311D37839C006641F2 /* MeasurementHelper.swift */ = {isa = PBXFileReference; fileEncoding = 4; lastKnownFileType = sourcecode.swift; path = MeasurementHelper.swift; sourceTree = "<group>"; };
		C96C12351D379D21006641F2 /* Chat.swift */ = {isa = PBXFileReference; fileEncoding = 4; lastKnownFileType = sourcecode.swift; path = Chat.swift; sourceTree = "<group>"; };
		C96C12391D379D35006641F2 /* Chat.storyboard */ = {isa = PBXFileReference; fileEncoding = 4; lastKnownFileType = file.storyboard; path = Chat.storyboard; sourceTree = "<group>"; };
		C96C123D1D37C4E0006641F2 /* GoogleService-Info.plist */ = {isa = PBXFileReference; fileEncoding = 4; lastKnownFileType = text.plist.xml; path = "GoogleService-Info.plist"; sourceTree = "<group>"; };
		C96C123F1D38C933006641F2 /* Storyboard.storyboard */ = {isa = PBXFileReference; fileEncoding = 4; lastKnownFileType = file.storyboard; path = Storyboard.storyboard; sourceTree = "<group>"; };
		C96C12411D3A41CE006641F2 /* SelectAddress.storyboard */ = {isa = PBXFileReference; fileEncoding = 4; lastKnownFileType = file.storyboard; path = SelectAddress.storyboard; sourceTree = "<group>"; };
		C96C12431D3A41E6006641F2 /* SelectAddressTableViewController.swift */ = {isa = PBXFileReference; fileEncoding = 4; lastKnownFileType = sourcecode.swift; path = SelectAddressTableViewController.swift; sourceTree = "<group>"; };
		C96C12471D3B5E1C006641F2 /* ItemDetailStatusCell.swift */ = {isa = PBXFileReference; fileEncoding = 4; lastKnownFileType = sourcecode.swift; path = ItemDetailStatusCell.swift; sourceTree = "<group>"; };
		C974EE1E1D06E3A4001002BE /* S01_Address.storyboard */ = {isa = PBXFileReference; fileEncoding = 4; lastKnownFileType = file.storyboard; path = S01_Address.storyboard; sourceTree = "<group>"; };
		C974EE221D06ECF1001002BE /* S02_Account.storyboard */ = {isa = PBXFileReference; fileEncoding = 4; lastKnownFileType = file.storyboard; path = S02_Account.storyboard; sourceTree = "<group>"; };
		C974EE271D06ED60001002BE /* S01_AddressTableViewController.swift */ = {isa = PBXFileReference; fileEncoding = 4; lastKnownFileType = sourcecode.swift; path = S01_AddressTableViewController.swift; sourceTree = "<group>"; };
		C974EE291D06EDB1001002BE /* S02_AccountTableViewController.swift */ = {isa = PBXFileReference; fileEncoding = 4; lastKnownFileType = sourcecode.swift; path = S02_AccountTableViewController.swift; sourceTree = "<group>"; };
		C974EE2B1D06EE0C001002BE /* S03_SettingsTableViewController.swift */ = {isa = PBXFileReference; fileEncoding = 4; lastKnownFileType = sourcecode.swift; path = S03_SettingsTableViewController.swift; sourceTree = "<group>"; };
		C974EE2D1D06EE22001002BE /* S03_Settings.storyboard */ = {isa = PBXFileReference; fileEncoding = 4; lastKnownFileType = file.storyboard; path = S03_Settings.storyboard; sourceTree = "<group>"; };
		C974EE391D06EF37001002BE /* S04_Favorites.storyboard */ = {isa = PBXFileReference; fileEncoding = 4; lastKnownFileType = file.storyboard; path = S04_Favorites.storyboard; sourceTree = "<group>"; };
		C974EE3B1D06EF66001002BE /* S04_FavoritesCollectionViewController.swift */ = {isa = PBXFileReference; fileEncoding = 4; lastKnownFileType = sourcecode.swift; path = S04_FavoritesCollectionViewController.swift; sourceTree = "<group>"; };
		C974EE3D1D06EF9E001002BE /* S05_MySellViewController.swift */ = {isa = PBXFileReference; fileEncoding = 4; lastKnownFileType = sourcecode.swift; path = S05_MySellViewController.swift; sourceTree = "<group>"; };
		C974EE3F1D06EFB3001002BE /* S05_MySell.storyboard */ = {isa = PBXFileReference; fileEncoding = 4; lastKnownFileType = file.storyboard; path = S05_MySell.storyboard; sourceTree = "<group>"; };
		C974EE411D06EFE3001002BE /* S06_Records.storyboard */ = {isa = PBXFileReference; fileEncoding = 4; lastKnownFileType = file.storyboard; path = S06_Records.storyboard; sourceTree = "<group>"; };
		C974EE451D06F28C001002BE /* S06_RecordsCollectionViewController.swift */ = {isa = PBXFileReference; fileEncoding = 4; lastKnownFileType = sourcecode.swift; path = S06_RecordsCollectionViewController.swift; sourceTree = "<group>"; };
		C974EE4D1D06F2EB001002BE /* S08_About.storyboard */ = {isa = PBXFileReference; fileEncoding = 4; lastKnownFileType = file.storyboard; path = S08_About.storyboard; sourceTree = "<group>"; };
		C974EE4F1D06F306001002BE /* S08_AboutViewController.swift */ = {isa = PBXFileReference; fileEncoding = 4; lastKnownFileType = sourcecode.swift; path = S08_AboutViewController.swift; sourceTree = "<group>"; };
		C974EE511D06F328001002BE /* S09_ContactSupportViewController.swift */ = {isa = PBXFileReference; fileEncoding = 4; lastKnownFileType = sourcecode.swift; path = S09_ContactSupportViewController.swift; sourceTree = "<group>"; };
		C974EE531D06F336001002BE /* S09_ContactSupport.storyboard */ = {isa = PBXFileReference; fileEncoding = 4; lastKnownFileType = file.storyboard; path = S09_ContactSupport.storyboard; sourceTree = "<group>"; };
		C974EE551D06F417001002BE /* S07_QnATableViewController.swift */ = {isa = PBXFileReference; fileEncoding = 4; lastKnownFileType = sourcecode.swift; path = S07_QnATableViewController.swift; sourceTree = "<group>"; };
		C974EE571D06F42B001002BE /* S07_QnA.storyboard */ = {isa = PBXFileReference; fileEncoding = 4; lastKnownFileType = file.storyboard; path = S07_QnA.storyboard; sourceTree = "<group>"; };
		C98058771CFE8E8E00F8F629 /* itemDetail.storyboard */ = {isa = PBXFileReference; fileEncoding = 4; lastKnownFileType = file.storyboard; path = itemDetail.storyboard; sourceTree = "<group>"; };
		C98058791CFE8ECA00F8F629 /* itemDetailViewController.swift */ = {isa = PBXFileReference; fileEncoding = 4; lastKnownFileType = sourcecode.swift; path = itemDetailViewController.swift; sourceTree = "<group>"; };
		C9AD975A1CFA7E2D00672234 /* CollectionViewCell.swift */ = {isa = PBXFileReference; fileEncoding = 4; lastKnownFileType = sourcecode.swift; path = CollectionViewCell.swift; sourceTree = "<group>"; };
		C9AD975C1CFAA1E600672234 /* FirstTabViewController.swift */ = {isa = PBXFileReference; fileEncoding = 4; lastKnownFileType = sourcecode.swift; path = FirstTabViewController.swift; sourceTree = "<group>"; };
		C9E9E2D31D3BD89400FB0312 /* Dictionaries.swift */ = {isa = PBXFileReference; fileEncoding = 4; lastKnownFileType = sourcecode.swift; path = Dictionaries.swift; sourceTree = "<group>"; };
		C9E9E2D51D3D26BE00FB0312 /* CityTable.swift */ = {isa = PBXFileReference; fileEncoding = 4; lastKnownFileType = sourcecode.swift; path = CityTable.swift; sourceTree = "<group>"; };
		C9E9E2D91D3D281F00FB0312 /* CityTable.storyboard */ = {isa = PBXFileReference; fileEncoding = 4; lastKnownFileType = file.storyboard; path = CityTable.storyboard; sourceTree = "<group>"; };
		C9E9E2DB1D3D282B00FB0312 /* AreaTable.storyboard */ = {isa = PBXFileReference; fileEncoding = 4; lastKnownFileType = file.storyboard; path = AreaTable.storyboard; sourceTree = "<group>"; };
		C9E9E2DD1D3D2C9200FB0312 /* PostalDict.swift */ = {isa = PBXFileReference; fileEncoding = 4; lastKnownFileType = sourcecode.swift; path = PostalDict.swift; sourceTree = "<group>"; };
		C9FFA37B1D1429720057E439 /* CategoryTableViewController.swift */ = {isa = PBXFileReference; fileEncoding = 4; lastKnownFileType = sourcecode.swift; path = CategoryTableViewController.swift; sourceTree = "<group>"; };
		C9FFA37D1D1429840057E439 /* ItemStatusTableViewController.swift */ = {isa = PBXFileReference; fileEncoding = 4; lastKnownFileType = sourcecode.swift; path = ItemStatusTableViewController.swift; sourceTree = "<group>"; };
		C9FFA37F1D1429F70057E439 /* DeliveryTableViewController.swift */ = {isa = PBXFileReference; fileEncoding = 4; lastKnownFileType = sourcecode.swift; path = DeliveryTableViewController.swift; sourceTree = "<group>"; };
		C9FFA3811D142A060057E439 /* Category.storyboard */ = {isa = PBXFileReference; fileEncoding = 4; lastKnownFileType = file.storyboard; path = Category.storyboard; sourceTree = "<group>"; };
		C9FFA3831D142A150057E439 /* ItemStatus.storyboard */ = {isa = PBXFileReference; fileEncoding = 4; lastKnownFileType = file.storyboard; path = ItemStatus.storyboard; sourceTree = "<group>"; };
		C9FFA3851D142A270057E439 /* Delivery.storyboard */ = {isa = PBXFileReference; fileEncoding = 4; lastKnownFileType = file.storyboard; path = Delivery.storyboard; sourceTree = "<group>"; };
		C9FFA3871D14D02F0057E439 /* FillInAddress.storyboard */ = {isa = PBXFileReference; fileEncoding = 4; lastKnownFileType = file.storyboard; path = FillInAddress.storyboard; sourceTree = "<group>"; };
		C9FFA38B1D14D14B0057E439 /* FillInAddressViewController.swift */ = {isa = PBXFileReference; fileEncoding = 4; lastKnownFileType = sourcecode.swift; path = FillInAddressViewController.swift; sourceTree = "<group>"; };
		C9FFA38D1D181A700057E439 /* Search.storyboard */ = {isa = PBXFileReference; fileEncoding = 4; lastKnownFileType = file.storyboard; path = Search.storyboard; sourceTree = "<group>"; };
		C9FFA38F1D181A7F0057E439 /* SearchViewController.swift */ = {isa = PBXFileReference; fileEncoding = 4; lastKnownFileType = sourcecode.swift; path = SearchViewController.swift; sourceTree = "<group>"; };
		C9FFA3911D1E99040057E439 /* UserDetailViewController.swift */ = {isa = PBXFileReference; fileEncoding = 4; lastKnownFileType = sourcecode.swift; path = UserDetailViewController.swift; sourceTree = "<group>"; };
		C9FFA3931D1E99110057E439 /* UserDetail.storyboard */ = {isa = PBXFileReference; fileEncoding = 4; lastKnownFileType = file.storyboard; path = UserDetail.storyboard; sourceTree = "<group>"; };
		C9FFA3951D2411A80057E439 /* LoginViewController.swift */ = {isa = PBXFileReference; fileEncoding = 4; lastKnownFileType = sourcecode.swift; path = LoginViewController.swift; sourceTree = "<group>"; };
		C9FFA3971D241A090057E439 /* LoggingInViewController.swift */ = {isa = PBXFileReference; fileEncoding = 4; lastKnownFileType = sourcecode.swift; path = LoggingInViewController.swift; sourceTree = "<group>"; };
		D245B38F93926219D81AE2FA /* Pods_fleaMarketTests.framework */ = {isa = PBXFileReference; explicitFileType = wrapper.framework; includeInIndex = 0; path = Pods_fleaMarketTests.framework; sourceTree = BUILT_PRODUCTS_DIR; };
		DD038305C37A1D26FACD3282 /* Pods-fleaMarket.release.xcconfig */ = {isa = PBXFileReference; includeInIndex = 1; lastKnownFileType = text.xcconfig; name = "Pods-fleaMarket.release.xcconfig"; path = "Pods/Target Support Files/Pods-fleaMarket/Pods-fleaMarket.release.xcconfig"; sourceTree = "<group>"; };
		F052735A2499ED30370E55F9 /* Pods-fleaMarketTests.release.xcconfig */ = {isa = PBXFileReference; includeInIndex = 1; lastKnownFileType = text.xcconfig; name = "Pods-fleaMarketTests.release.xcconfig"; path = "Pods/Target Support Files/Pods-fleaMarketTests/Pods-fleaMarketTests.release.xcconfig"; sourceTree = "<group>"; };
		F0A3134BBAE5B360A859187B /* Pods-fleaMarketUITests.release.xcconfig */ = {isa = PBXFileReference; includeInIndex = 1; lastKnownFileType = text.xcconfig; name = "Pods-fleaMarketUITests.release.xcconfig"; path = "Pods/Target Support Files/Pods-fleaMarketUITests/Pods-fleaMarketUITests.release.xcconfig"; sourceTree = "<group>"; };
		F61ECD458B73C9C01F788761 /* Pods_fleaMarketUITests.framework */ = {isa = PBXFileReference; explicitFileType = wrapper.framework; includeInIndex = 0; path = Pods_fleaMarketUITests.framework; sourceTree = BUILT_PRODUCTS_DIR; };
/* End PBXFileReference section */

/* Begin PBXFrameworksBuildPhase section */
		7A751C341CF9BDBA0096BDE6 /* Frameworks */ = {
			isa = PBXFrameworksBuildPhase;
			buildActionMask = 2147483647;
			files = (
				D3441D0295CC9372FAB45374 /* Pods_fleaMarket.framework in Frameworks */,
			);
			runOnlyForDeploymentPostprocessing = 0;
		};
		7A751C4A1CF9BDBA0096BDE6 /* Frameworks */ = {
			isa = PBXFrameworksBuildPhase;
			buildActionMask = 2147483647;
			files = (
				25A4359675519ED36A2E586A /* Pods_fleaMarketTests.framework in Frameworks */,
			);
			runOnlyForDeploymentPostprocessing = 0;
		};
		7A751C551CF9BDBA0096BDE6 /* Frameworks */ = {
			isa = PBXFrameworksBuildPhase;
			buildActionMask = 2147483647;
			files = (
				E80FEE7440B3044A9AB3B915 /* Pods_fleaMarketUITests.framework in Frameworks */,
			);
			runOnlyForDeploymentPostprocessing = 0;
		};
/* End PBXFrameworksBuildPhase section */

/* Begin PBXGroup section */
		22AAFE0C4C5F3B3C8597CDBC /* Frameworks */ = {
			isa = PBXGroup;
			children = (
				9DD127326FB0F46640F4071B /* Pods_fleaMarket.framework */,
				D245B38F93926219D81AE2FA /* Pods_fleaMarketTests.framework */,
				F61ECD458B73C9C01F788761 /* Pods_fleaMarketUITests.framework */,
			);
			name = Frameworks;
			sourceTree = "<group>";
		};
		7A751C2E1CF9BDBA0096BDE6 = {
			isa = PBXGroup;
			children = (
				C96C123D1D37C4E0006641F2 /* GoogleService-Info.plist */,
				7A751C391CF9BDBA0096BDE6 /* fleaMarket */,
				7A751C501CF9BDBA0096BDE6 /* fleaMarketTests */,
				7A751C5B1CF9BDBA0096BDE6 /* fleaMarketUITests */,
				7A751C381CF9BDBA0096BDE6 /* Products */,
				BF8852408A4F54E0D41BFCB6 /* Pods */,
				22AAFE0C4C5F3B3C8597CDBC /* Frameworks */,
			);
			sourceTree = "<group>";
		};
		7A751C381CF9BDBA0096BDE6 /* Products */ = {
			isa = PBXGroup;
			children = (
				7A751C371CF9BDBA0096BDE6 /* RiRiKoKo.app */,
				7A751C4D1CF9BDBA0096BDE6 /* fleaMarket.xctest */,
				7A751C581CF9BDBA0096BDE6 /* fleaMarket.xctest */,
			);
			name = Products;
			sourceTree = "<group>";
		};
		7A751C391CF9BDBA0096BDE6 /* fleaMarket */ = {
			isa = PBXGroup;
			children = (
				7A751C401CF9BDBA0096BDE6 /* Main.storyboard */,
				7A751C3A1CF9BDBA0096BDE6 /* AppDelegate.swift */,
				7A751C3C1CF9BDBA0096BDE6 /* FirstViewController.swift */,
				C9FFA3951D2411A80057E439 /* LoginViewController.swift */,
				C9FFA3971D241A090057E439 /* LoggingInViewController.swift */,
				C96C12311D37839C006641F2 /* MeasurementHelper.swift */,
				C932F2D11D2D050600DA6540 /* Register.storyboard */,
				C932F2D31D2D052800DA6540 /* RegisterViewController.swift */,
				C90EEA721D2D283800711C22 /* RegisteringViewController.swift */,
				C974EE191D06DDF7001002BE /* Tab1 */,
				C974EE1A1D06DE6B001002BE /* Tab2 */,
				C974EE1B1D06DE85001002BE /* Tab3 */,
				C974EE1C1D06DE91001002BE /* Tab4 */,
				C974EE1D1D06DE9E001002BE /* Tab5 */,
				7A751C431CF9BDBA0096BDE6 /* Assets.xcassets */,
				7A751C451CF9BDBA0096BDE6 /* LaunchScreen.storyboard */,
				7A751C481CF9BDBA0096BDE6 /* Info.plist */,
				C94EB6031D02DF0C0077EBC6 /* Constants.swift */,
				C9E9E2D31D3BD89400FB0312 /* Dictionaries.swift */,
				C9E9E2DD1D3D2C9200FB0312 /* PostalDict.swift */,
				C94EB6051D02E1F00077EBC6 /* functions.swift */,
				C94EB6071D0302040077EBC6 /* GCDBlackBox.swift */,
				C91A8EE01D3F3B63006A7698 /* CustomSegue.swift */,
			);
			name = fleaMarket;
			path = TabStoryReferenceSample;
			sourceTree = "<group>";
		};
		7A751C501CF9BDBA0096BDE6 /* fleaMarketTests */ = {
			isa = PBXGroup;
			children = (
				7A751C511CF9BDBA0096BDE6 /* TabStoryReferenceSampleTests.swift */,
				C974EE321D06EEA1001002BE /* S04_Favorites */,
				7A751C531CF9BDBA0096BDE6 /* Info.plist */,
			);
			name = fleaMarketTests;
			path = TabStoryReferenceSampleTests;
			sourceTree = "<group>";
		};
		7A751C5B1CF9BDBA0096BDE6 /* fleaMarketUITests */ = {
			isa = PBXGroup;
			children = (
				7A751C5C1CF9BDBA0096BDE6 /* TabStoryReferenceSampleUITests.swift */,
				7A751C5E1CF9BDBA0096BDE6 /* Info.plist */,
			);
			name = fleaMarketUITests;
			path = TabStoryReferenceSampleUITests;
			sourceTree = "<group>";
		};
		BF8852408A4F54E0D41BFCB6 /* Pods */ = {
			isa = PBXGroup;
			children = (
				80992F7ACAD09CDC5234D123 /* Pods-fleaMarket.debug.xcconfig */,
				DD038305C37A1D26FACD3282 /* Pods-fleaMarket.release.xcconfig */,
				81607705C5A06B4CEE35EAE3 /* Pods-fleaMarketTests.debug.xcconfig */,
				F052735A2499ED30370E55F9 /* Pods-fleaMarketTests.release.xcconfig */,
				8AC683CC62EDD7D71DAA3783 /* Pods-fleaMarketUITests.debug.xcconfig */,
				F0A3134BBAE5B360A859187B /* Pods-fleaMarketUITests.release.xcconfig */,
			);
			name = Pods;
			sourceTree = "<group>";
		};
		C974EE191D06DDF7001002BE /* Tab1 */ = {
			isa = PBXGroup;
			children = (
				7A751C6A1CF9BE990096BDE6 /* FirstTab.storyboard */,
				C9AD975C1CFAA1E600672234 /* FirstTabViewController.swift */,
				C9AD975A1CFA7E2D00672234 /* CollectionViewCell.swift */,
				C98058771CFE8E8E00F8F629 /* itemDetail.storyboard */,
				C98058791CFE8ECA00F8F629 /* itemDetailViewController.swift */,
				C96C12471D3B5E1C006641F2 /* ItemDetailStatusCell.swift */,
				C9FFA38D1D181A700057E439 /* Search.storyboard */,
				C9FFA38F1D181A7F0057E439 /* SearchViewController.swift */,
				C9FFA3931D1E99110057E439 /* UserDetail.storyboard */,
				C9FFA3911D1E99040057E439 /* UserDetailViewController.swift */,
				C96C123F1D38C933006641F2 /* Storyboard.storyboard */,
			);
			name = Tab1;
			sourceTree = "<group>";
		};
		C974EE1A1D06DE6B001002BE /* Tab2 */ = {
			isa = PBXGroup;
			children = (
				7A751C6D1CF9BEAD0096BDE6 /* SecondTab.storyboard */,
				7A751C3E1CF9BDBA0096BDE6 /* SecondTabViewController.swift */,
			);
			name = Tab2;
			path = ..;
			sourceTree = "<group>";
		};
		C974EE1B1D06DE85001002BE /* Tab3 */ = {
			isa = PBXGroup;
			children = (
				7A751C6F1CF9BEBC0096BDE6 /* 3rdTab.storyboard */,
				C94EB5FD1D01858B0077EBC6 /* ThirdTabViewController.swift */,
				C902734D1D0C1B7C00EC081D /* AddItemInfo.storyboard */,
				C902734B1D0C1B6D00EC081D /* AddItemInfoTableViewController.swift */,
				C9FFA37A1D1429410057E439 /* PopOvers */,
			);
			name = Tab3;
			sourceTree = "<group>";
		};
		C974EE1C1D06DE91001002BE /* Tab4 */ = {
			isa = PBXGroup;
			children = (
				7A751C721CF9BED00096BDE6 /* 4thTab.storyboard */,
				C94EB6011D01AC670077EBC6 /* FourthTabViewController.swift */,
				C96C12391D379D35006641F2 /* Chat.storyboard */,
				C96C12351D379D21006641F2 /* Chat.swift */,
			);
			name = Tab4;
			sourceTree = "<group>";
		};
		C974EE1D1D06DE9E001002BE /* Tab5 */ = {
			isa = PBXGroup;
			children = (
				7A751C741CF9BEE20096BDE6 /* 5thTab.storyboard */,
				C94EB5FF1D018DE00077EBC6 /* FifthTabViewController.swift */,
				C974EE2F1D06EE5C001002BE /* S01_Address */,
				C974EE301D06EE6C001002BE /* S02_Account */,
				C974EE311D06EE7C001002BE /* S03_Settings */,
				C974EE331D06EEB4001002BE /* S05_MySell */,
				C974EE341D06EEBD001002BE /* S06_Records */,
				C974EE351D06EEC8001002BE /* S07_QnA */,
				C974EE361D06EECE001002BE /* S08_About */,
				C974EE371D06EEDD001002BE /* S09_ContactSupport */,
			);
			name = Tab5;
			sourceTree = "<group>";
		};
		C974EE2F1D06EE5C001002BE /* S01_Address */ = {
			isa = PBXGroup;
			children = (
				C974EE1E1D06E3A4001002BE /* S01_Address.storyboard */,
				C974EE271D06ED60001002BE /* S01_AddressTableViewController.swift */,
				C9FFA3871D14D02F0057E439 /* FillInAddress.storyboard */,
				C9FFA38B1D14D14B0057E439 /* FillInAddressViewController.swift */,
				C9E9E2D91D3D281F00FB0312 /* CityTable.storyboard */,
				C9E9E2D51D3D26BE00FB0312 /* CityTable.swift */,
				C9E9E2DB1D3D282B00FB0312 /* AreaTable.storyboard */,
				C91A8EDE1D3D304E006A7698 /* AreaTable.swift */,
			);
			name = S01_Address;
			sourceTree = "<group>";
		};
		C974EE301D06EE6C001002BE /* S02_Account */ = {
			isa = PBXGroup;
			children = (
				C974EE221D06ECF1001002BE /* S02_Account.storyboard */,
				C974EE291D06EDB1001002BE /* S02_AccountTableViewController.swift */,
			);
			name = S02_Account;
			sourceTree = "<group>";
		};
		C974EE311D06EE7C001002BE /* S03_Settings */ = {
			isa = PBXGroup;
			children = (
				C974EE2D1D06EE22001002BE /* S03_Settings.storyboard */,
				C974EE2B1D06EE0C001002BE /* S03_SettingsTableViewController.swift */,
			);
			name = S03_Settings;
			sourceTree = "<group>";
		};
		C974EE321D06EEA1001002BE /* S04_Favorites */ = {
			isa = PBXGroup;
			children = (
				C974EE391D06EF37001002BE /* S04_Favorites.storyboard */,
				C974EE3B1D06EF66001002BE /* S04_FavoritesCollectionViewController.swift */,
			);
			name = S04_Favorites;
			path = ../TabStoryReferenceSample;
			sourceTree = "<group>";
		};
		C974EE331D06EEB4001002BE /* S05_MySell */ = {
			isa = PBXGroup;
			children = (
				C974EE3F1D06EFB3001002BE /* S05_MySell.storyboard */,
				C974EE3D1D06EF9E001002BE /* S05_MySellViewController.swift */,
			);
			name = S05_MySell;
			sourceTree = "<group>";
		};
		C974EE341D06EEBD001002BE /* S06_Records */ = {
			isa = PBXGroup;
			children = (
				C974EE411D06EFE3001002BE /* S06_Records.storyboard */,
				C974EE451D06F28C001002BE /* S06_RecordsCollectionViewController.swift */,
			);
			name = S06_Records;
			sourceTree = "<group>";
		};
		C974EE351D06EEC8001002BE /* S07_QnA */ = {
			isa = PBXGroup;
			children = (
				C974EE551D06F417001002BE /* S07_QnATableViewController.swift */,
				C974EE571D06F42B001002BE /* S07_QnA.storyboard */,
			);
			name = S07_QnA;
			sourceTree = "<group>";
		};
		C974EE361D06EECE001002BE /* S08_About */ = {
			isa = PBXGroup;
			children = (
				C974EE4D1D06F2EB001002BE /* S08_About.storyboard */,
				C974EE4F1D06F306001002BE /* S08_AboutViewController.swift */,
			);
			name = S08_About;
			sourceTree = "<group>";
		};
		C974EE371D06EEDD001002BE /* S09_ContactSupport */ = {
			isa = PBXGroup;
			children = (
				C974EE511D06F328001002BE /* S09_ContactSupportViewController.swift */,
				C974EE531D06F336001002BE /* S09_ContactSupport.storyboard */,
			);
			name = S09_ContactSupport;
			sourceTree = "<group>";
		};
		C9FFA37A1D1429410057E439 /* PopOvers */ = {
			isa = PBXGroup;
			children = (
				C9FFA3811D142A060057E439 /* Category.storyboard */,
				C9FFA37B1D1429720057E439 /* CategoryTableViewController.swift */,
				C9FFA3831D142A150057E439 /* ItemStatus.storyboard */,
				C9FFA37D1D1429840057E439 /* ItemStatusTableViewController.swift */,
				C9FFA3851D142A270057E439 /* Delivery.storyboard */,
				C9FFA37F1D1429F70057E439 /* DeliveryTableViewController.swift */,
				C96C12411D3A41CE006641F2 /* SelectAddress.storyboard */,
				C96C12431D3A41E6006641F2 /* SelectAddressTableViewController.swift */,
			);
			name = PopOvers;
			sourceTree = "<group>";
		};
/* End PBXGroup section */

/* Begin PBXNativeTarget section */
		7A751C361CF9BDBA0096BDE6 /* fleaMarket */ = {
			isa = PBXNativeTarget;
			buildConfigurationList = 7A751C611CF9BDBA0096BDE6 /* Build configuration list for PBXNativeTarget "fleaMarket" */;
			buildPhases = (
				34B255F5A99BFE45EA3DC8AD /* [CP] Check Pods Manifest.lock */,
				7A751C331CF9BDBA0096BDE6 /* Sources */,
				7A751C341CF9BDBA0096BDE6 /* Frameworks */,
				7A751C351CF9BDBA0096BDE6 /* Resources */,
				EB41A6656162D1ED0548DFAE /* [CP] Embed Pods Frameworks */,
				5C454E4ABE4423104F75AA87 /* [CP] Copy Pods Resources */,
			);
			buildRules = (
			);
			dependencies = (
			);
			name = fleaMarket;
			productName = TabStoryReferenceSample;
			productReference = 7A751C371CF9BDBA0096BDE6 /* RiRiKoKo.app */;
			productType = "com.apple.product-type.application";
		};
		7A751C4C1CF9BDBA0096BDE6 /* fleaMarketTests */ = {
			isa = PBXNativeTarget;
			buildConfigurationList = 7A751C641CF9BDBA0096BDE6 /* Build configuration list for PBXNativeTarget "fleaMarketTests" */;
			buildPhases = (
				6218C449121DEE409D66A5FB /* [CP] Check Pods Manifest.lock */,
				7A751C491CF9BDBA0096BDE6 /* Sources */,
				7A751C4A1CF9BDBA0096BDE6 /* Frameworks */,
				7A751C4B1CF9BDBA0096BDE6 /* Resources */,
				0BEBFEBF37F27339D088071E /* [CP] Embed Pods Frameworks */,
				9596C0828A9D1D1A1D3CB329 /* [CP] Copy Pods Resources */,
			);
			buildRules = (
			);
			dependencies = (
				7A751C4F1CF9BDBA0096BDE6 /* PBXTargetDependency */,
			);
			name = fleaMarketTests;
			productName = TabStoryReferenceSampleTests;
			productReference = 7A751C4D1CF9BDBA0096BDE6 /* fleaMarket.xctest */;
			productType = "com.apple.product-type.bundle.unit-test";
		};
		7A751C571CF9BDBA0096BDE6 /* fleaMarketUITests */ = {
			isa = PBXNativeTarget;
			buildConfigurationList = 7A751C671CF9BDBA0096BDE6 /* Build configuration list for PBXNativeTarget "fleaMarketUITests" */;
			buildPhases = (
				381DDB3CB0EA0D971E769C3E /* [CP] Check Pods Manifest.lock */,
				7A751C541CF9BDBA0096BDE6 /* Sources */,
				7A751C551CF9BDBA0096BDE6 /* Frameworks */,
				7A751C561CF9BDBA0096BDE6 /* Resources */,
				5A191D37396C51902E28DC3A /* [CP] Copy Pods Resources */,
			);
			buildRules = (
			);
			dependencies = (
				7A751C5A1CF9BDBA0096BDE6 /* PBXTargetDependency */,
			);
			name = fleaMarketUITests;
			productName = TabStoryReferenceSampleUITests;
			productReference = 7A751C581CF9BDBA0096BDE6 /* fleaMarket.xctest */;
			productType = "com.apple.product-type.bundle.ui-testing";
		};
/* End PBXNativeTarget section */

/* Begin PBXProject section */
		7A751C2F1CF9BDBA0096BDE6 /* Project object */ = {
			isa = PBXProject;
			attributes = {
				LastSwiftUpdateCheck = 0730;
				LastUpgradeCheck = 0730;
				ORGANIZATIONNAME = ColorKit;
				TargetAttributes = {
					7A751C361CF9BDBA0096BDE6 = {
						CreatedOnToolsVersion = 7.3.1;
						DevelopmentTeam = SWZBC9ZGLV;
					};
					7A751C4C1CF9BDBA0096BDE6 = {
						CreatedOnToolsVersion = 7.3.1;
						TestTargetID = 7A751C361CF9BDBA0096BDE6;
					};
					7A751C571CF9BDBA0096BDE6 = {
						CreatedOnToolsVersion = 7.3.1;
						TestTargetID = 7A751C361CF9BDBA0096BDE6;
					};
				};
			};
			buildConfigurationList = 7A751C321CF9BDBA0096BDE6 /* Build configuration list for PBXProject "fleaMarket" */;
			compatibilityVersion = "Xcode 3.2";
			developmentRegion = English;
			hasScannedForEncodings = 0;
			knownRegions = (
				en,
				Base,
			);
			mainGroup = 7A751C2E1CF9BDBA0096BDE6;
			productRefGroup = 7A751C381CF9BDBA0096BDE6 /* Products */;
			projectDirPath = "";
			projectRoot = "";
			targets = (
				7A751C361CF9BDBA0096BDE6 /* fleaMarket */,
				7A751C4C1CF9BDBA0096BDE6 /* fleaMarketTests */,
				7A751C571CF9BDBA0096BDE6 /* fleaMarketUITests */,
			);
		};
/* End PBXProject section */

/* Begin PBXResourcesBuildPhase section */
		7A751C351CF9BDBA0096BDE6 /* Resources */ = {
			isa = PBXResourcesBuildPhase;
			buildActionMask = 2147483647;
			files = (
				C974EE541D06F336001002BE /* S09_ContactSupport.storyboard in Resources */,
				7A751C761CF9BEE20096BDE6 /* 5thTab.storyboard in Resources */,
				7A751C471CF9BDBA0096BDE6 /* LaunchScreen.storyboard in Resources */,
				C9FFA3881D14D02F0057E439 /* FillInAddress.storyboard in Resources */,
				C96C123E1D37C4E0006641F2 /* GoogleService-Info.plist in Resources */,
				C96C12421D3A41CE006641F2 /* SelectAddress.storyboard in Resources */,
				C96C123A1D379D35006641F2 /* Chat.storyboard in Resources */,
				C9FFA3821D142A060057E439 /* Category.storyboard in Resources */,
				7A751C6C1CF9BE990096BDE6 /* FirstTab.storyboard in Resources */,
				C9FFA3841D142A150057E439 /* ItemStatus.storyboard in Resources */,
				7A751C6E1CF9BEAD0096BDE6 /* SecondTab.storyboard in Resources */,
				C974EE2E1D06EE22001002BE /* S03_Settings.storyboard in Resources */,
				C9E9E2DC1D3D282B00FB0312 /* AreaTable.storyboard in Resources */,
				C974EE1F1D06E3A4001002BE /* S01_Address.storyboard in Resources */,
				C9FFA3861D142A270057E439 /* Delivery.storyboard in Resources */,
				7A751C441CF9BDBA0096BDE6 /* Assets.xcassets in Resources */,
				C974EE581D06F42B001002BE /* S07_QnA.storyboard in Resources */,
				C974EE401D06EFB3001002BE /* S05_MySell.storyboard in Resources */,
				C932F2D21D2D050600DA6540 /* Register.storyboard in Resources */,
				C9FFA38E1D181A700057E439 /* Search.storyboard in Resources */,
				7A751C711CF9BEBC0096BDE6 /* 3rdTab.storyboard in Resources */,
				7A751C731CF9BED00096BDE6 /* 4thTab.storyboard in Resources */,
				C974EE3A1D06EF37001002BE /* S04_Favorites.storyboard in Resources */,
				C9FFA3941D1E99110057E439 /* UserDetail.storyboard in Resources */,
				C902734E1D0C1B7C00EC081D /* AddItemInfo.storyboard in Resources */,
				C974EE4E1D06F2EB001002BE /* S08_About.storyboard in Resources */,
				C974EE231D06ECF1001002BE /* S02_Account.storyboard in Resources */,
				C974EE421D06EFE3001002BE /* S06_Records.storyboard in Resources */,
				C9E9E2DA1D3D281F00FB0312 /* CityTable.storyboard in Resources */,
				C98058781CFE8E8E00F8F629 /* itemDetail.storyboard in Resources */,
				7A751C421CF9BDBA0096BDE6 /* Main.storyboard in Resources */,
				C96C12401D38C933006641F2 /* Storyboard.storyboard in Resources */,
			);
			runOnlyForDeploymentPostprocessing = 0;
		};
		7A751C4B1CF9BDBA0096BDE6 /* Resources */ = {
			isa = PBXResourcesBuildPhase;
			buildActionMask = 2147483647;
			files = (
				C96C123B1D379D35006641F2 /* Chat.storyboard in Resources */,
			);
			runOnlyForDeploymentPostprocessing = 0;
		};
		7A751C561CF9BDBA0096BDE6 /* Resources */ = {
			isa = PBXResourcesBuildPhase;
			buildActionMask = 2147483647;
			files = (
				C96C123C1D379D35006641F2 /* Chat.storyboard in Resources */,
			);
			runOnlyForDeploymentPostprocessing = 0;
		};
/* End PBXResourcesBuildPhase section */

/* Begin PBXShellScriptBuildPhase section */
		0BEBFEBF37F27339D088071E /* [CP] Embed Pods Frameworks */ = {
			isa = PBXShellScriptBuildPhase;
			buildActionMask = 2147483647;
			files = (
			);
			inputPaths = (
			);
			name = "[CP] Embed Pods Frameworks";
			outputPaths = (
			);
			runOnlyForDeploymentPostprocessing = 0;
			shellPath = /bin/sh;
			shellScript = "\"${SRCROOT}/Pods/Target Support Files/Pods-fleaMarketTests/Pods-fleaMarketTests-frameworks.sh\"\n";
			showEnvVarsInLog = 0;
		};
		34B255F5A99BFE45EA3DC8AD /* [CP] Check Pods Manifest.lock */ = {
			isa = PBXShellScriptBuildPhase;
			buildActionMask = 2147483647;
			files = (
			);
			inputPaths = (
			);
			name = "[CP] Check Pods Manifest.lock";
			outputPaths = (
			);
			runOnlyForDeploymentPostprocessing = 0;
			shellPath = /bin/sh;
			shellScript = "diff \"${PODS_ROOT}/../Podfile.lock\" \"${PODS_ROOT}/Manifest.lock\" > /dev/null\nif [[ $? != 0 ]] ; then\n    cat << EOM\nerror: The sandbox is not in sync with the Podfile.lock. Run 'pod install' or update your CocoaPods installation.\nEOM\n    exit 1\nfi\n";
			showEnvVarsInLog = 0;
		};
		381DDB3CB0EA0D971E769C3E /* [CP] Check Pods Manifest.lock */ = {
			isa = PBXShellScriptBuildPhase;
			buildActionMask = 2147483647;
			files = (
			);
			inputPaths = (
			);
			name = "[CP] Check Pods Manifest.lock";
			outputPaths = (
			);
			runOnlyForDeploymentPostprocessing = 0;
			shellPath = /bin/sh;
			shellScript = "diff \"${PODS_ROOT}/../Podfile.lock\" \"${PODS_ROOT}/Manifest.lock\" > /dev/null\nif [[ $? != 0 ]] ; then\n    cat << EOM\nerror: The sandbox is not in sync with the Podfile.lock. Run 'pod install' or update your CocoaPods installation.\nEOM\n    exit 1\nfi\n";
			showEnvVarsInLog = 0;
		};
		5A191D37396C51902E28DC3A /* [CP] Copy Pods Resources */ = {
			isa = PBXShellScriptBuildPhase;
			buildActionMask = 2147483647;
			files = (
			);
			inputPaths = (
			);
			name = "[CP] Copy Pods Resources";
			outputPaths = (
			);
			runOnlyForDeploymentPostprocessing = 0;
			shellPath = /bin/sh;
			shellScript = "\"${SRCROOT}/Pods/Target Support Files/Pods-fleaMarketUITests/Pods-fleaMarketUITests-resources.sh\"\n";
			showEnvVarsInLog = 0;
		};
		5C454E4ABE4423104F75AA87 /* [CP] Copy Pods Resources */ = {
			isa = PBXShellScriptBuildPhase;
			buildActionMask = 2147483647;
			files = (
			);
			inputPaths = (
			);
			name = "[CP] Copy Pods Resources";
			outputPaths = (
			);
			runOnlyForDeploymentPostprocessing = 0;
			shellPath = /bin/sh;
			shellScript = "\"${SRCROOT}/Pods/Target Support Files/Pods-fleaMarket/Pods-fleaMarket-resources.sh\"\n";
			showEnvVarsInLog = 0;
		};
		6218C449121DEE409D66A5FB /* [CP] Check Pods Manifest.lock */ = {
			isa = PBXShellScriptBuildPhase;
			buildActionMask = 2147483647;
			files = (
			);
			inputPaths = (
			);
			name = "[CP] Check Pods Manifest.lock";
			outputPaths = (
			);
			runOnlyForDeploymentPostprocessing = 0;
			shellPath = /bin/sh;
			shellScript = "diff \"${PODS_ROOT}/../Podfile.lock\" \"${PODS_ROOT}/Manifest.lock\" > /dev/null\nif [[ $? != 0 ]] ; then\n    cat << EOM\nerror: The sandbox is not in sync with the Podfile.lock. Run 'pod install' or update your CocoaPods installation.\nEOM\n    exit 1\nfi\n";
			showEnvVarsInLog = 0;
		};
		9596C0828A9D1D1A1D3CB329 /* [CP] Copy Pods Resources */ = {
			isa = PBXShellScriptBuildPhase;
			buildActionMask = 2147483647;
			files = (
			);
			inputPaths = (
			);
			name = "[CP] Copy Pods Resources";
			outputPaths = (
			);
			runOnlyForDeploymentPostprocessing = 0;
			shellPath = /bin/sh;
			shellScript = "\"${SRCROOT}/Pods/Target Support Files/Pods-fleaMarketTests/Pods-fleaMarketTests-resources.sh\"\n";
			showEnvVarsInLog = 0;
		};
		EB41A6656162D1ED0548DFAE /* [CP] Embed Pods Frameworks */ = {
			isa = PBXShellScriptBuildPhase;
			buildActionMask = 2147483647;
			files = (
			);
			inputPaths = (
			);
			name = "[CP] Embed Pods Frameworks";
			outputPaths = (
			);
			runOnlyForDeploymentPostprocessing = 0;
			shellPath = /bin/sh;
			shellScript = "\"${SRCROOT}/Pods/Target Support Files/Pods-fleaMarket/Pods-fleaMarket-frameworks.sh\"\n";
			showEnvVarsInLog = 0;
		};
/* End PBXShellScriptBuildPhase section */

/* Begin PBXSourcesBuildPhase section */
		7A751C331CF9BDBA0096BDE6 /* Sources */ = {
			isa = PBXSourcesBuildPhase;
			buildActionMask = 2147483647;
			files = (
				C974EE3E1D06EF9E001002BE /* S05_MySellViewController.swift in Sources */,
				7A751C3F1CF9BDBA0096BDE6 /* SecondTabViewController.swift in Sources */,
				C974EE2A1D06EDB1001002BE /* S02_AccountTableViewController.swift in Sources */,
				C91A8EDF1D3D304E006A7698 /* AreaTable.swift in Sources */,
				C9FFA3801D1429F70057E439 /* DeliveryTableViewController.swift in Sources */,
				C9FFA3981D241A090057E439 /* LoggingInViewController.swift in Sources */,
				C9AD975D1CFAA1E600672234 /* FirstTabViewController.swift in Sources */,
				7A751C3B1CF9BDBA0096BDE6 /* AppDelegate.swift in Sources */,
				C9FFA37E1D1429840057E439 /* ItemStatusTableViewController.swift in Sources */,
				C974EE461D06F28C001002BE /* S06_RecordsCollectionViewController.swift in Sources */,
				C974EE281D06ED60001002BE /* S01_AddressTableViewController.swift in Sources */,
				C974EE501D06F306001002BE /* S08_AboutViewController.swift in Sources */,
				C91A8EE11D3F3B63006A7698 /* CustomSegue.swift in Sources */,
				C902734C1D0C1B6D00EC081D /* AddItemInfoTableViewController.swift in Sources */,
				C94EB5FE1D01858B0077EBC6 /* ThirdTabViewController.swift in Sources */,
				C94EB6081D0302040077EBC6 /* GCDBlackBox.swift in Sources */,
				C96C12441D3A41E6006641F2 /* SelectAddressTableViewController.swift in Sources */,
				C9FFA37C1D1429720057E439 /* CategoryTableViewController.swift in Sources */,
				C9FFA3921D1E99040057E439 /* UserDetailViewController.swift in Sources */,
				C974EE561D06F417001002BE /* S07_QnATableViewController.swift in Sources */,
				C9AD975B1CFA7E2D00672234 /* CollectionViewCell.swift in Sources */,
				C94EB6041D02DF0C0077EBC6 /* Constants.swift in Sources */,
				C9FFA3961D2411A80057E439 /* LoginViewController.swift in Sources */,
				C94EB6021D01AC670077EBC6 /* FourthTabViewController.swift in Sources */,
				C974EE3C1D06EF66001002BE /* S04_FavoritesCollectionViewController.swift in Sources */,
				C96C12481D3B5E1C006641F2 /* ItemDetailStatusCell.swift in Sources */,
				C974EE521D06F328001002BE /* S09_ContactSupportViewController.swift in Sources */,
				C96C12361D379D21006641F2 /* Chat.swift in Sources */,
				C94EB6061D02E1F00077EBC6 /* functions.swift in Sources */,
				C96C12321D37839C006641F2 /* MeasurementHelper.swift in Sources */,
				C980587A1CFE8ECA00F8F629 /* itemDetailViewController.swift in Sources */,
				C9E9E2D61D3D26BE00FB0312 /* CityTable.swift in Sources */,
				C9FFA3901D181A7F0057E439 /* SearchViewController.swift in Sources */,
				C94EB6001D018DE00077EBC6 /* FifthTabViewController.swift in Sources */,
				C932F2D41D2D052800DA6540 /* RegisterViewController.swift in Sources */,
				C9E9E2DE1D3D2C9200FB0312 /* PostalDict.swift in Sources */,
				7A751C3D1CF9BDBA0096BDE6 /* FirstViewController.swift in Sources */,
				C9FFA38C1D14D14B0057E439 /* FillInAddressViewController.swift in Sources */,
				C974EE2C1D06EE0C001002BE /* S03_SettingsTableViewController.swift in Sources */,
				C9E9E2D41D3BD89400FB0312 /* Dictionaries.swift in Sources */,
				C90EEA731D2D283800711C22 /* RegisteringViewController.swift in Sources */,
			);
			runOnlyForDeploymentPostprocessing = 0;
		};
		7A751C491CF9BDBA0096BDE6 /* Sources */ = {
			isa = PBXSourcesBuildPhase;
			buildActionMask = 2147483647;
			files = (
				C96C12331D37839C006641F2 /* MeasurementHelper.swift in Sources */,
				C96C12371D379D21006641F2 /* Chat.swift in Sources */,
				7A751C521CF9BDBA0096BDE6 /* TabStoryReferenceSampleTests.swift in Sources */,
			);
			runOnlyForDeploymentPostprocessing = 0;
		};
		7A751C541CF9BDBA0096BDE6 /* Sources */ = {
			isa = PBXSourcesBuildPhase;
			buildActionMask = 2147483647;
			files = (
				C96C12341D37839C006641F2 /* MeasurementHelper.swift in Sources */,
				C96C12381D379D21006641F2 /* Chat.swift in Sources */,
				7A751C5D1CF9BDBA0096BDE6 /* TabStoryReferenceSampleUITests.swift in Sources */,
			);
			runOnlyForDeploymentPostprocessing = 0;
		};
/* End PBXSourcesBuildPhase section */

/* Begin PBXTargetDependency section */
		7A751C4F1CF9BDBA0096BDE6 /* PBXTargetDependency */ = {
			isa = PBXTargetDependency;
			target = 7A751C361CF9BDBA0096BDE6 /* fleaMarket */;
			targetProxy = 7A751C4E1CF9BDBA0096BDE6 /* PBXContainerItemProxy */;
		};
		7A751C5A1CF9BDBA0096BDE6 /* PBXTargetDependency */ = {
			isa = PBXTargetDependency;
			target = 7A751C361CF9BDBA0096BDE6 /* fleaMarket */;
			targetProxy = 7A751C591CF9BDBA0096BDE6 /* PBXContainerItemProxy */;
		};
/* End PBXTargetDependency section */

/* Begin PBXVariantGroup section */
		7A751C401CF9BDBA0096BDE6 /* Main.storyboard */ = {
			isa = PBXVariantGroup;
			children = (
				7A751C411CF9BDBA0096BDE6 /* Base */,
			);
			name = Main.storyboard;
			sourceTree = "<group>";
		};
		7A751C451CF9BDBA0096BDE6 /* LaunchScreen.storyboard */ = {
			isa = PBXVariantGroup;
			children = (
				7A751C461CF9BDBA0096BDE6 /* Base */,
			);
			name = LaunchScreen.storyboard;
			sourceTree = "<group>";
		};
		7A751C6A1CF9BE990096BDE6 /* FirstTab.storyboard */ = {
			isa = PBXVariantGroup;
			children = (
				7A751C6B1CF9BE990096BDE6 /* Base */,
			);
			name = FirstTab.storyboard;
			sourceTree = "<group>";
		};
		7A751C6F1CF9BEBC0096BDE6 /* 3rdTab.storyboard */ = {
			isa = PBXVariantGroup;
			children = (
				7A751C701CF9BEBC0096BDE6 /* Base */,
			);
			name = 3rdTab.storyboard;
			sourceTree = "<group>";
		};
		7A751C741CF9BEE20096BDE6 /* 5thTab.storyboard */ = {
			isa = PBXVariantGroup;
			children = (
				7A751C751CF9BEE20096BDE6 /* Base */,
			);
			name = 5thTab.storyboard;
			sourceTree = "<group>";
		};
/* End PBXVariantGroup section */

/* Begin XCBuildConfiguration section */
		7A751C5F1CF9BDBA0096BDE6 /* Debug */ = {
			isa = XCBuildConfiguration;
			buildSettings = {
				ALWAYS_SEARCH_USER_PATHS = NO;
				CLANG_ANALYZER_NONNULL = YES;
				CLANG_CXX_LANGUAGE_STANDARD = "gnu++0x";
				CLANG_CXX_LIBRARY = "libc++";
				CLANG_ENABLE_MODULES = YES;
				CLANG_ENABLE_OBJC_ARC = YES;
				CLANG_WARN_BOOL_CONVERSION = YES;
				CLANG_WARN_CONSTANT_CONVERSION = YES;
				CLANG_WARN_DIRECT_OBJC_ISA_USAGE = YES_ERROR;
				CLANG_WARN_EMPTY_BODY = YES;
				CLANG_WARN_ENUM_CONVERSION = YES;
				CLANG_WARN_INT_CONVERSION = YES;
				CLANG_WARN_OBJC_ROOT_CLASS = YES_ERROR;
				CLANG_WARN_UNREACHABLE_CODE = YES;
				CLANG_WARN__DUPLICATE_METHOD_MATCH = YES;
				"CODE_SIGN_IDENTITY[sdk=iphoneos*]" = "iPhone Developer";
				COPY_PHASE_STRIP = NO;
				DEBUG_INFORMATION_FORMAT = dwarf;
				ENABLE_STRICT_OBJC_MSGSEND = YES;
				ENABLE_TESTABILITY = YES;
				GCC_C_LANGUAGE_STANDARD = gnu99;
				GCC_DYNAMIC_NO_PIC = NO;
				GCC_NO_COMMON_BLOCKS = YES;
				GCC_OPTIMIZATION_LEVEL = 0;
				GCC_PREPROCESSOR_DEFINITIONS = (
					"DEBUG=1",
					"$(inherited)",
				);
				GCC_WARN_64_TO_32_BIT_CONVERSION = YES;
				GCC_WARN_ABOUT_RETURN_TYPE = YES_ERROR;
				GCC_WARN_UNDECLARED_SELECTOR = YES;
				GCC_WARN_UNINITIALIZED_AUTOS = YES_AGGRESSIVE;
				GCC_WARN_UNUSED_FUNCTION = YES;
				GCC_WARN_UNUSED_VARIABLE = YES;
				IPHONEOS_DEPLOYMENT_TARGET = 9.3;
				MTL_ENABLE_DEBUG_INFO = YES;
				ONLY_ACTIVE_ARCH = YES;
				SDKROOT = iphoneos;
				SWIFT_OPTIMIZATION_LEVEL = "-Onone";
				TARGETED_DEVICE_FAMILY = "1,2";
			};
			name = Debug;
		};
		7A751C601CF9BDBA0096BDE6 /* Release */ = {
			isa = XCBuildConfiguration;
			buildSettings = {
				ALWAYS_SEARCH_USER_PATHS = NO;
				CLANG_ANALYZER_NONNULL = YES;
				CLANG_CXX_LANGUAGE_STANDARD = "gnu++0x";
				CLANG_CXX_LIBRARY = "libc++";
				CLANG_ENABLE_MODULES = YES;
				CLANG_ENABLE_OBJC_ARC = YES;
				CLANG_WARN_BOOL_CONVERSION = YES;
				CLANG_WARN_CONSTANT_CONVERSION = YES;
				CLANG_WARN_DIRECT_OBJC_ISA_USAGE = YES_ERROR;
				CLANG_WARN_EMPTY_BODY = YES;
				CLANG_WARN_ENUM_CONVERSION = YES;
				CLANG_WARN_INT_CONVERSION = YES;
				CLANG_WARN_OBJC_ROOT_CLASS = YES_ERROR;
				CLANG_WARN_UNREACHABLE_CODE = YES;
				CLANG_WARN__DUPLICATE_METHOD_MATCH = YES;
				"CODE_SIGN_IDENTITY[sdk=iphoneos*]" = "iPhone Developer";
				COPY_PHASE_STRIP = NO;
				DEBUG_INFORMATION_FORMAT = "dwarf-with-dsym";
				ENABLE_NS_ASSERTIONS = NO;
				ENABLE_STRICT_OBJC_MSGSEND = YES;
				GCC_C_LANGUAGE_STANDARD = gnu99;
				GCC_NO_COMMON_BLOCKS = YES;
				GCC_WARN_64_TO_32_BIT_CONVERSION = YES;
				GCC_WARN_ABOUT_RETURN_TYPE = YES_ERROR;
				GCC_WARN_UNDECLARED_SELECTOR = YES;
				GCC_WARN_UNINITIALIZED_AUTOS = YES_AGGRESSIVE;
				GCC_WARN_UNUSED_FUNCTION = YES;
				GCC_WARN_UNUSED_VARIABLE = YES;
				IPHONEOS_DEPLOYMENT_TARGET = 9.3;
				MTL_ENABLE_DEBUG_INFO = NO;
				SDKROOT = iphoneos;
				TARGETED_DEVICE_FAMILY = "1,2";
				VALIDATE_PRODUCT = YES;
			};
			name = Release;
		};
		7A751C621CF9BDBA0096BDE6 /* Debug */ = {
			isa = XCBuildConfiguration;
			baseConfigurationReference = 80992F7ACAD09CDC5234D123 /* Pods-fleaMarket.debug.xcconfig */;
			buildSettings = {
				ASSETCATALOG_COMPILER_APPICON_NAME = AppIcon;
				CODE_SIGN_IDENTITY = "iPhone Developer";
				INFOPLIST_FILE = TabStoryReferenceSample/Info.plist;
				LD_RUNPATH_SEARCH_PATHS = "$(inherited) @executable_path/Frameworks";
				PRODUCT_BUNDLE_IDENTIFIER = tw.colorkit.filmaker.TabStoryReferenceSample;
				PRODUCT_NAME = RiRiKoKo;
			};
			name = Debug;
		};
		7A751C631CF9BDBA0096BDE6 /* Release */ = {
			isa = XCBuildConfiguration;
			baseConfigurationReference = DD038305C37A1D26FACD3282 /* Pods-fleaMarket.release.xcconfig */;
			buildSettings = {
				ASSETCATALOG_COMPILER_APPICON_NAME = AppIcon;
				CODE_SIGN_IDENTITY = "iPhone Developer";
				INFOPLIST_FILE = TabStoryReferenceSample/Info.plist;
				LD_RUNPATH_SEARCH_PATHS = "$(inherited) @executable_path/Frameworks";
				PRODUCT_BUNDLE_IDENTIFIER = tw.colorkit.filmaker.TabStoryReferenceSample;
				PRODUCT_NAME = RiRiKoKo;
			};
			name = Release;
		};
		7A751C651CF9BDBA0096BDE6 /* Debug */ = {
			isa = XCBuildConfiguration;
			baseConfigurationReference = 81607705C5A06B4CEE35EAE3 /* Pods-fleaMarketTests.debug.xcconfig */;
			buildSettings = {
				BUNDLE_LOADER = "$(TEST_HOST)";
				INFOPLIST_FILE = TabStoryReferenceSampleTests/Info.plist;
				LD_RUNPATH_SEARCH_PATHS = "$(inherited) @executable_path/Frameworks @loader_path/Frameworks";
				PRODUCT_BUNDLE_IDENTIFIER = tw.colorkit.filmaker.TabStoryReferenceSampleTests;
				PRODUCT_NAME = fleaMarket;
				TEST_HOST = "$(BUILT_PRODUCTS_DIR)/fleaMarket.app/fleaMarket";
			};
			name = Debug;
		};
		7A751C661CF9BDBA0096BDE6 /* Release */ = {
			isa = XCBuildConfiguration;
			baseConfigurationReference = F052735A2499ED30370E55F9 /* Pods-fleaMarketTests.release.xcconfig */;
			buildSettings = {
				BUNDLE_LOADER = "$(TEST_HOST)";
				INFOPLIST_FILE = TabStoryReferenceSampleTests/Info.plist;
				LD_RUNPATH_SEARCH_PATHS = "$(inherited) @executable_path/Frameworks @loader_path/Frameworks";
				PRODUCT_BUNDLE_IDENTIFIER = tw.colorkit.filmaker.TabStoryReferenceSampleTests;
				PRODUCT_NAME = fleaMarket;
				TEST_HOST = "$(BUILT_PRODUCTS_DIR)/fleaMarket.app/fleaMarket";
			};
			name = Release;
		};
		7A751C681CF9BDBA0096BDE6 /* Debug */ = {
			isa = XCBuildConfiguration;
			baseConfigurationReference = 8AC683CC62EDD7D71DAA3783 /* Pods-fleaMarketUITests.debug.xcconfig */;
			buildSettings = {
				INFOPLIST_FILE = TabStoryReferenceSampleUITests/Info.plist;
				LD_RUNPATH_SEARCH_PATHS = "$(inherited) @executable_path/Frameworks @loader_path/Frameworks";
				PRODUCT_BUNDLE_IDENTIFIER = tw.colorkit.filmaker.TabStoryReferenceSampleUITests;
				PRODUCT_NAME = fleaMarket;
				TEST_TARGET_NAME = TabStoryReferenceSample;
			};
			name = Debug;
		};
		7A751C691CF9BDBA0096BDE6 /* Release */ = {
			isa = XCBuildConfiguration;
			baseConfigurationReference = F0A3134BBAE5B360A859187B /* Pods-fleaMarketUITests.release.xcconfig */;
			buildSettings = {
				INFOPLIST_FILE = TabStoryReferenceSampleUITests/Info.plist;
				LD_RUNPATH_SEARCH_PATHS = "$(inherited) @executable_path/Frameworks @loader_path/Frameworks";
				PRODUCT_BUNDLE_IDENTIFIER = tw.colorkit.filmaker.TabStoryReferenceSampleUITests;
				PRODUCT_NAME = fleaMarket;
				TEST_TARGET_NAME = TabStoryReferenceSample;
			};
			name = Release;
		};
/* End XCBuildConfiguration section */

/* Begin XCConfigurationList section */
		7A751C321CF9BDBA0096BDE6 /* Build configuration list for PBXProject "fleaMarket" */ = {
			isa = XCConfigurationList;
			buildConfigurations = (
				7A751C5F1CF9BDBA0096BDE6 /* Debug */,
				7A751C601CF9BDBA0096BDE6 /* Release */,
			);
			defaultConfigurationIsVisible = 0;
			defaultConfigurationName = Release;
		};
		7A751C611CF9BDBA0096BDE6 /* Build configuration list for PBXNativeTarget "fleaMarket" */ = {
			isa = XCConfigurationList;
			buildConfigurations = (
				7A751C621CF9BDBA0096BDE6 /* Debug */,
				7A751C631CF9BDBA0096BDE6 /* Release */,
			);
			defaultConfigurationIsVisible = 0;
			defaultConfigurationName = Release;
		};
		7A751C641CF9BDBA0096BDE6 /* Build configuration list for PBXNativeTarget "fleaMarketTests" */ = {
			isa = XCConfigurationList;
			buildConfigurations = (
				7A751C651CF9BDBA0096BDE6 /* Debug */,
				7A751C661CF9BDBA0096BDE6 /* Release */,
			);
			defaultConfigurationIsVisible = 0;
			defaultConfigurationName = Release;
		};
		7A751C671CF9BDBA0096BDE6 /* Build configuration list for PBXNativeTarget "fleaMarketUITests" */ = {
			isa = XCConfigurationList;
			buildConfigurations = (
				7A751C681CF9BDBA0096BDE6 /* Debug */,
				7A751C691CF9BDBA0096BDE6 /* Release */,
			);
			defaultConfigurationIsVisible = 0;
			defaultConfigurationName = Release;
		};
/* End XCConfigurationList section */
	};
	rootObject = 7A751C2F1CF9BDBA0096BDE6 /* Project object */;
}
